
Microsoft Visual Studio Solution File, Format Version 12.00
# Visual Studio 15
VisualStudioVersion = 15.0.27428.2037
MinimumVisualStudioVersion = 10.0.40219.1
Project("{8BC9CEB8-8B4A-11D0-8D11-00A0C91BC942}") = "01模板", "01模板\01模板.vcxproj", "{856886F2-90CD-492E-B1DA-6C81F7857DD4}"
EndProject
Project("{8BC9CEB8-8B4A-11D0-8D11-00A0C91BC942}") = "02函数模板和普通函数的区别", "02函数模板和普通函数的区别\02函数模板和普通函数的区别.vcxproj", "{D2206D0D-5411-40CD-AE08-1A15961E3960}"
EndProject
Project("{8BC9CEB8-8B4A-11D0-8D11-00A0C91BC942}") = "03类模板", "03类模板\03类模板.vcxproj", "{B9518356-02E4-447B-9AD9-52C2CDA02800}"
EndProject
Project("{8BC9CEB8-8B4A-11D0-8D11-00A0C91BC942}") = "04 函数模板案例_char和int类型组数排序", "04 函数模板案例_char和int类型组数排序\04 函数模板案例_char和int类型组数排序.vcxproj", "{B8FD2BDC-427B-43A9-AC31-B2A23C655AEA}"
EndProject
Project("{8BC9CEB8-8B4A-11D0-8D11-00A0C91BC942}") = "05 类模板派生普通类", "05 类模板派生普通类\05 类模板派生普通类.vcxproj", "{4DE03749-2B45-48AE-8167-0BEAC96EE882}"
EndProject
Project("{8BC9CEB8-8B4A-11D0-8D11-00A0C91BC942}") = "06 类模板派生类模板", "06 类模板派生类模板\06 类模板派生类模板.vcxproj", "{A0CA390B-BEC4-4B17-B628-341D309BC7E0}"
EndProject
Project("{8BC9CEB8-8B4A-11D0-8D11-00A0C91BC942}") = "07 普通类的 .h 和 .cpp分离编写模式", "07 普通类的 .h 和 .cpp分离编写模式\07 普通类的 .h 和 .cpp分离编写模式.vcxproj", "{87D0A329-ACAF-4235-9086-A0E86389759C}"
EndProject
Project("{8BC9CEB8-8B4A-11D0-8D11-00A0C91BC942}") = "08类模板实现在类内实现", "08类模板实现在类内实现\08类模板实现在类内实现.vcxproj", "{FCFA758F-9C00-4F4D-94CF-418CF7F74B75}"
EndProject
Project("{8BC9CEB8-8B4A-11D0-8D11-00A0C91BC942}") = "09 类模板外部实现", "09 类模板外部实现\09 类模板外部实现.vcxproj", "{25689394-A3DF-46D8-BC0C-04223D1882E8}"
EndProject
Project("{8BC9CEB8-8B4A-11D0-8D11-00A0C91BC942}") = "10 类模板h和cpp分离编写", "10 类模板h和cpp分离编写\10 类模板h和cpp分离编写.vcxproj", "{C706171C-0E79-48AE-94B9-3D1E4212C61A}"
EndProject
Project("{8BC9CEB8-8B4A-11D0-8D11-00A0C91BC942}") = "11 类模板碰到static成员", "11 类模板碰到static成员\11 类模板碰到static成员.vcxproj", "{64FD6C44-CC83-49C8-BE76-7698996954F9}"
EndProject
Project("{8BC9CEB8-8B4A-11D0-8D11-00A0C91BC942}") = "12 MyArray", "12 MyArray\12 MyArray.vcxproj", "{84E960E4-D08B-4D1D-9D00-E67B80F6045D}"
EndProject
Project("{8BC9CEB8-8B4A-11D0-8D11-00A0C91BC942}") = "13类型转换", "13类型转换\13类型转换.vcxproj", "{FFFCAF1A-AB25-4F3E-986E-E0E575BA2788}"
EndProject
Project("{8BC9CEB8-8B4A-11D0-8D11-00A0C91BC942}") = "14异常机制", "14异常机制\14异常机制.vcxproj", "{08280B7E-285E-41D4-909D-986BE149115F}"
EndProject
Project("{8BC9CEB8-8B4A-11D0-8D11-00A0C91BC942}") = "15栈解旋", "15栈解旋\15栈解旋.vcxproj", "{A6FE7585-4363-49A3-A9F2-CC8D0F57186D}"
EndProject
Project("{8BC9CEB8-8B4A-11D0-8D11-00A0C91BC942}") = "16异常接口声明", "16异常接口声明\16异常接口声明.vcxproj", "{AB1444F5-533E-4586-B994-93C32A0567A8}"
EndProject
Project("{8BC9CEB8-8B4A-11D0-8D11-00A0C91BC942}") = "17异常类型和对象生命周期", "17异常类型和对象生命周期\17异常类型和对象生命周期.vcxproj", "{AA917230-79D9-4CE8-BA9B-1FFACB052DF8}"
EndProject
Project("{8BC9CEB8-8B4A-11D0-8D11-00A0C91BC942}") = "0.1基础入门", "0.1基础入门\0.1基础入门.vcxproj", "{4961FEAD-6E77-4C6A-AC47-7C40F51102DB}"
EndProject
Project("{8BC9CEB8-8B4A-11D0-8D11-00A0C91BC942}") = "0.1.1通讯录管理系统", "0.1.1通讯录管理系统\0.1.1通讯录管理系统.vcxproj", "{5DF0BEBB-5EBB-48CD-A2BC-245BDE5EFC7C}"
EndProject
Project("{8BC9CEB8-8B4A-11D0-8D11-00A0C91BC942}") = "0.2C++核心编程", "0.2C++核心编程\0.2C++核心编程.vcxproj", "{95C9EB4A-F2EC-4E9D-8B6C-2A5BF025E0AB}"
EndProject
Project("{8BC9CEB8-8B4A-11D0-8D11-00A0C91BC942}") = "18标准异常库举例", "18标准异常库举例\18标准异常库举例.vcxproj", "{366B4F63-E716-4911-9662-97D9C9A12B10}"
EndProject
Project("{8BC9CEB8-8B4A-11D0-8D11-00A0C91BC942}") = "19继承在异常中的应用", "19继承在异常中的应用\19继承在异常中的应用.vcxproj", "{C85559E0-F9BA-4F1E-AC4A-E3005FF06D7A}"
EndProject
Project("{8BC9CEB8-8B4A-11D0-8D11-00A0C91BC942}") = "20c++输入输出流", "20c++输入输出流\20c++输入输出流.vcxproj", "{CDD883CB-B58E-4256-9628-DDF03194A128}"
EndProject
Project("{8BC9CEB8-8B4A-11D0-8D11-00A0C91BC942}") = "21文件读写", "21文件读写\21文件读写.vcxproj", "{38EEEB2B-FB97-49A6-88F6-45519C7CB10D}"
EndProject
Project("{8BC9CEB8-8B4A-11D0-8D11-00A0C91BC942}") = "22 容器算法那迭代器基本思想", "22 容器算法那迭代器基本思想\22 容器算法那迭代器基本思想.vcxproj", "{7701BAB4-6402-4D7E-B41B-B41AEF39AEBA}"
EndProject
Project("{8BC9CEB8-8B4A-11D0-8D11-00A0C91BC942}") = "23 STL hello world程序", "23 STL hello world程序\23 STL hello world程序.vcxproj", "{ED35B798-AD7C-4E73-9491-72615AAD5443}"
EndProject
Project("{8BC9CEB8-8B4A-11D0-8D11-00A0C91BC942}") = "0.22基于多态的职工管理系统", "0.22基于多态的职工管理系统\0.22基于多态的职工管理系统.vcxproj", "{38042345-9624-47C7-BB5F-018DEB145AB5}"
EndProject
Global
	GlobalSection(SolutionConfigurationPlatforms) = preSolution
		Debug|x64 = Debug|x64
		Debug|x86 = Debug|x86
		Release|x64 = Release|x64
		Release|x86 = Release|x86
	EndGlobalSection
	GlobalSection(ProjectConfigurationPlatforms) = postSolution
		{856886F2-90CD-492E-B1DA-6C81F7857DD4}.Debug|x64.ActiveCfg = Debug|x64
		{856886F2-90CD-492E-B1DA-6C81F7857DD4}.Debug|x64.Build.0 = Debug|x64
		{856886F2-90CD-492E-B1DA-6C81F7857DD4}.Debug|x86.ActiveCfg = Debug|Win32
		{856886F2-90CD-492E-B1DA-6C81F7857DD4}.Debug|x86.Build.0 = Debug|Win32
		{856886F2-90CD-492E-B1DA-6C81F7857DD4}.Release|x64.ActiveCfg = Release|x64
		{856886F2-90CD-492E-B1DA-6C81F7857DD4}.Release|x64.Build.0 = Release|x64
		{856886F2-90CD-492E-B1DA-6C81F7857DD4}.Release|x86.ActiveCfg = Release|Win32
		{856886F2-90CD-492E-B1DA-6C81F7857DD4}.Release|x86.Build.0 = Release|Win32
		{D2206D0D-5411-40CD-AE08-1A15961E3960}.Debug|x64.ActiveCfg = Debug|x64
		{D2206D0D-5411-40CD-AE08-1A15961E3960}.Debug|x64.Build.0 = Debug|x64
		{D2206D0D-5411-40CD-AE08-1A15961E3960}.Debug|x86.ActiveCfg = Debug|Win32
		{D2206D0D-5411-40CD-AE08-1A15961E3960}.Debug|x86.Build.0 = Debug|Win32
		{D2206D0D-5411-40CD-AE08-1A15961E3960}.Release|x64.ActiveCfg = Release|x64
		{D2206D0D-5411-40CD-AE08-1A15961E3960}.Release|x64.Build.0 = Release|x64
		{D2206D0D-5411-40CD-AE08-1A15961E3960}.Release|x86.ActiveCfg = Release|Win32
		{D2206D0D-5411-40CD-AE08-1A15961E3960}.Release|x86.Build.0 = Release|Win32
		{B9518356-02E4-447B-9AD9-52C2CDA02800}.Debug|x64.ActiveCfg = Debug|x64
		{B9518356-02E4-447B-9AD9-52C2CDA02800}.Debug|x64.Build.0 = Debug|x64
		{B9518356-02E4-447B-9AD9-52C2CDA02800}.Debug|x86.ActiveCfg = Debug|Win32
		{B9518356-02E4-447B-9AD9-52C2CDA02800}.Debug|x86.Build.0 = Debug|Win32
		{B9518356-02E4-447B-9AD9-52C2CDA02800}.Release|x64.ActiveCfg = Release|x64
		{B9518356-02E4-447B-9AD9-52C2CDA02800}.Release|x64.Build.0 = Release|x64
		{B9518356-02E4-447B-9AD9-52C2CDA02800}.Release|x86.ActiveCfg = Release|Win32
		{B9518356-02E4-447B-9AD9-52C2CDA02800}.Release|x86.Build.0 = Release|Win32
		{B8FD2BDC-427B-43A9-AC31-B2A23C655AEA}.Debug|x64.ActiveCfg = Debug|x64
		{B8FD2BDC-427B-43A9-AC31-B2A23C655AEA}.Debug|x64.Build.0 = Debug|x64
		{B8FD2BDC-427B-43A9-AC31-B2A23C655AEA}.Debug|x86.ActiveCfg = Debug|Win32
		{B8FD2BDC-427B-43A9-AC31-B2A23C655AEA}.Debug|x86.Build.0 = Debug|Win32
		{B8FD2BDC-427B-43A9-AC31-B2A23C655AEA}.Release|x64.ActiveCfg = Release|x64
		{B8FD2BDC-427B-43A9-AC31-B2A23C655AEA}.Release|x64.Build.0 = Release|x64
		{B8FD2BDC-427B-43A9-AC31-B2A23C655AEA}.Release|x86.ActiveCfg = Release|Win32
		{B8FD2BDC-427B-43A9-AC31-B2A23C655AEA}.Release|x86.Build.0 = Release|Win32
		{4DE03749-2B45-48AE-8167-0BEAC96EE882}.Debug|x64.ActiveCfg = Debug|x64
		{4DE03749-2B45-48AE-8167-0BEAC96EE882}.Debug|x64.Build.0 = Debug|x64
		{4DE03749-2B45-48AE-8167-0BEAC96EE882}.Debug|x86.ActiveCfg = Debug|Win32
		{4DE03749-2B45-48AE-8167-0BEAC96EE882}.Debug|x86.Build.0 = Debug|Win32
		{4DE03749-2B45-48AE-8167-0BEAC96EE882}.Release|x64.ActiveCfg = Release|x64
		{4DE03749-2B45-48AE-8167-0BEAC96EE882}.Release|x64.Build.0 = Release|x64
		{4DE03749-2B45-48AE-8167-0BEAC96EE882}.Release|x86.ActiveCfg = Release|Win32
		{4DE03749-2B45-48AE-8167-0BEAC96EE882}.Release|x86.Build.0 = Release|Win32
		{A0CA390B-BEC4-4B17-B628-341D309BC7E0}.Debug|x64.ActiveCfg = Debug|x64
		{A0CA390B-BEC4-4B17-B628-341D309BC7E0}.Debug|x64.Build.0 = Debug|x64
		{A0CA390B-BEC4-4B17-B628-341D309BC7E0}.Debug|x86.ActiveCfg = Debug|Win32
		{A0CA390B-BEC4-4B17-B628-341D309BC7E0}.Debug|x86.Build.0 = Debug|Win32
		{A0CA390B-BEC4-4B17-B628-341D309BC7E0}.Release|x64.ActiveCfg = Release|x64
		{A0CA390B-BEC4-4B17-B628-341D309BC7E0}.Release|x64.Build.0 = Release|x64
		{A0CA390B-BEC4-4B17-B628-341D309BC7E0}.Release|x86.ActiveCfg = Release|Win32
		{A0CA390B-BEC4-4B17-B628-341D309BC7E0}.Release|x86.Build.0 = Release|Win32
		{87D0A329-ACAF-4235-9086-A0E86389759C}.Debug|x64.ActiveCfg = Debug|x64
		{87D0A329-ACAF-4235-9086-A0E86389759C}.Debug|x64.Build.0 = Debug|x64
		{87D0A329-ACAF-4235-9086-A0E86389759C}.Debug|x86.ActiveCfg = Debug|Win32
		{87D0A329-ACAF-4235-9086-A0E86389759C}.Debug|x86.Build.0 = Debug|Win32
		{87D0A329-ACAF-4235-9086-A0E86389759C}.Release|x64.ActiveCfg = Release|x64
		{87D0A329-ACAF-4235-9086-A0E86389759C}.Release|x64.Build.0 = Release|x64
		{87D0A329-ACAF-4235-9086-A0E86389759C}.Release|x86.ActiveCfg = Release|Win32
		{87D0A329-ACAF-4235-9086-A0E86389759C}.Release|x86.Build.0 = Release|Win32
		{FCFA758F-9C00-4F4D-94CF-418CF7F74B75}.Debug|x64.ActiveCfg = Debug|x64
		{FCFA758F-9C00-4F4D-94CF-418CF7F74B75}.Debug|x64.Build.0 = Debug|x64
		{FCFA758F-9C00-4F4D-94CF-418CF7F74B75}.Debug|x86.ActiveCfg = Debug|Win32
		{FCFA758F-9C00-4F4D-94CF-418CF7F74B75}.Debug|x86.Build.0 = Debug|Win32
		{FCFA758F-9C00-4F4D-94CF-418CF7F74B75}.Release|x64.ActiveCfg = Release|x64
		{FCFA758F-9C00-4F4D-94CF-418CF7F74B75}.Release|x64.Build.0 = Release|x64
		{FCFA758F-9C00-4F4D-94CF-418CF7F74B75}.Release|x86.ActiveCfg = Release|Win32
		{FCFA758F-9C00-4F4D-94CF-418CF7F74B75}.Release|x86.Build.0 = Release|Win32
		{25689394-A3DF-46D8-BC0C-04223D1882E8}.Debug|x64.ActiveCfg = Debug|x64
		{25689394-A3DF-46D8-BC0C-04223D1882E8}.Debug|x64.Build.0 = Debug|x64
		{25689394-A3DF-46D8-BC0C-04223D1882E8}.Debug|x86.ActiveCfg = Debug|Win32
		{25689394-A3DF-46D8-BC0C-04223D1882E8}.Debug|x86.Build.0 = Debug|Win32
		{25689394-A3DF-46D8-BC0C-04223D1882E8}.Release|x64.ActiveCfg = Release|x64
		{25689394-A3DF-46D8-BC0C-04223D1882E8}.Release|x64.Build.0 = Release|x64
		{25689394-A3DF-46D8-BC0C-04223D1882E8}.Release|x86.ActiveCfg = Release|Win32
		{25689394-A3DF-46D8-BC0C-04223D1882E8}.Release|x86.Build.0 = Release|Win32
		{C706171C-0E79-48AE-94B9-3D1E4212C61A}.Debug|x64.ActiveCfg = Debug|x64
		{C706171C-0E79-48AE-94B9-3D1E4212C61A}.Debug|x64.Build.0 = Debug|x64
		{C706171C-0E79-48AE-94B9-3D1E4212C61A}.Debug|x86.ActiveCfg = Debug|Win32
		{C706171C-0E79-48AE-94B9-3D1E4212C61A}.Debug|x86.Build.0 = Debug|Win32
		{C706171C-0E79-48AE-94B9-3D1E4212C61A}.Release|x64.ActiveCfg = Release|x64
		{C706171C-0E79-48AE-94B9-3D1E4212C61A}.Release|x64.Build.0 = Release|x64
		{C706171C-0E79-48AE-94B9-3D1E4212C61A}.Release|x86.ActiveCfg = Release|Win32
		{C706171C-0E79-48AE-94B9-3D1E4212C61A}.Release|x86.Build.0 = Release|Win32
		{64FD6C44-CC83-49C8-BE76-7698996954F9}.Debug|x64.ActiveCfg = Debug|x64
		{64FD6C44-CC83-49C8-BE76-7698996954F9}.Debug|x64.Build.0 = Debug|x64
		{64FD6C44-CC83-49C8-BE76-7698996954F9}.Debug|x86.ActiveCfg = Debug|Win32
		{64FD6C44-CC83-49C8-BE76-7698996954F9}.Debug|x86.Build.0 = Debug|Win32
		{64FD6C44-CC83-49C8-BE76-7698996954F9}.Release|x64.ActiveCfg = Release|x64
		{64FD6C44-CC83-49C8-BE76-7698996954F9}.Release|x64.Build.0 = Release|x64
		{64FD6C44-CC83-49C8-BE76-7698996954F9}.Release|x86.ActiveCfg = Release|Win32
		{64FD6C44-CC83-49C8-BE76-7698996954F9}.Release|x86.Build.0 = Release|Win32
		{84E960E4-D08B-4D1D-9D00-E67B80F6045D}.Debug|x64.ActiveCfg = Debug|x64
		{84E960E4-D08B-4D1D-9D00-E67B80F6045D}.Debug|x64.Build.0 = Debug|x64
		{84E960E4-D08B-4D1D-9D00-E67B80F6045D}.Debug|x86.ActiveCfg = Debug|Win32
		{84E960E4-D08B-4D1D-9D00-E67B80F6045D}.Debug|x86.Build.0 = Debug|Win32
		{84E960E4-D08B-4D1D-9D00-E67B80F6045D}.Release|x64.ActiveCfg = Release|x64
		{84E960E4-D08B-4D1D-9D00-E67B80F6045D}.Release|x64.Build.0 = Release|x64
		{84E960E4-D08B-4D1D-9D00-E67B80F6045D}.Release|x86.ActiveCfg = Release|Win32
		{84E960E4-D08B-4D1D-9D00-E67B80F6045D}.Release|x86.Build.0 = Release|Win32
		{FFFCAF1A-AB25-4F3E-986E-E0E575BA2788}.Debug|x64.ActiveCfg = Debug|x64
		{FFFCAF1A-AB25-4F3E-986E-E0E575BA2788}.Debug|x64.Build.0 = Debug|x64
		{FFFCAF1A-AB25-4F3E-986E-E0E575BA2788}.Debug|x86.ActiveCfg = Debug|Win32
		{FFFCAF1A-AB25-4F3E-986E-E0E575BA2788}.Debug|x86.Build.0 = Debug|Win32
		{FFFCAF1A-AB25-4F3E-986E-E0E575BA2788}.Release|x64.ActiveCfg = Release|x64
		{FFFCAF1A-AB25-4F3E-986E-E0E575BA2788}.Release|x64.Build.0 = Release|x64
		{FFFCAF1A-AB25-4F3E-986E-E0E575BA2788}.Release|x86.ActiveCfg = Release|Win32
		{FFFCAF1A-AB25-4F3E-986E-E0E575BA2788}.Release|x86.Build.0 = Release|Win32
		{08280B7E-285E-41D4-909D-986BE149115F}.Debug|x64.ActiveCfg = Debug|x64
		{08280B7E-285E-41D4-909D-986BE149115F}.Debug|x64.Build.0 = Debug|x64
		{08280B7E-285E-41D4-909D-986BE149115F}.Debug|x86.ActiveCfg = Debug|Win32
		{08280B7E-285E-41D4-909D-986BE149115F}.Debug|x86.Build.0 = Debug|Win32
		{08280B7E-285E-41D4-909D-986BE149115F}.Release|x64.ActiveCfg = Release|x64
		{08280B7E-285E-41D4-909D-986BE149115F}.Release|x64.Build.0 = Release|x64
		{08280B7E-285E-41D4-909D-986BE149115F}.Release|x86.ActiveCfg = Release|Win32
		{08280B7E-285E-41D4-909D-986BE149115F}.Release|x86.Build.0 = Release|Win32
		{A6FE7585-4363-49A3-A9F2-CC8D0F57186D}.Debug|x64.ActiveCfg = Debug|x64
		{A6FE7585-4363-49A3-A9F2-CC8D0F57186D}.Debug|x64.Build.0 = Debug|x64
		{A6FE7585-4363-49A3-A9F2-CC8D0F57186D}.Debug|x86.ActiveCfg = Debug|Win32
		{A6FE7585-4363-49A3-A9F2-CC8D0F57186D}.Debug|x86.Build.0 = Debug|Win32
		{A6FE7585-4363-49A3-A9F2-CC8D0F57186D}.Release|x64.ActiveCfg = Release|x64
		{A6FE7585-4363-49A3-A9F2-CC8D0F57186D}.Release|x64.Build.0 = Release|x64
		{A6FE7585-4363-49A3-A9F2-CC8D0F57186D}.Release|x86.ActiveCfg = Release|Win32
		{A6FE7585-4363-49A3-A9F2-CC8D0F57186D}.Release|x86.Build.0 = Release|Win32
		{AB1444F5-533E-4586-B994-93C32A0567A8}.Debug|x64.ActiveCfg = Debug|x64
		{AB1444F5-533E-4586-B994-93C32A0567A8}.Debug|x64.Build.0 = Debug|x64
		{AB1444F5-533E-4586-B994-93C32A0567A8}.Debug|x86.ActiveCfg = Debug|Win32
		{AB1444F5-533E-4586-B994-93C32A0567A8}.Debug|x86.Build.0 = Debug|Win32
		{AB1444F5-533E-4586-B994-93C32A0567A8}.Release|x64.ActiveCfg = Release|x64
		{AB1444F5-533E-4586-B994-93C32A0567A8}.Release|x64.Build.0 = Release|x64
		{AB1444F5-533E-4586-B994-93C32A0567A8}.Release|x86.ActiveCfg = Release|Win32
		{AB1444F5-533E-4586-B994-93C32A0567A8}.Release|x86.Build.0 = Release|Win32
		{AA917230-79D9-4CE8-BA9B-1FFACB052DF8}.Debug|x64.ActiveCfg = Debug|x64
		{AA917230-79D9-4CE8-BA9B-1FFACB052DF8}.Debug|x64.Build.0 = Debug|x64
		{AA917230-79D9-4CE8-BA9B-1FFACB052DF8}.Debug|x86.ActiveCfg = Debug|Win32
		{AA917230-79D9-4CE8-BA9B-1FFACB052DF8}.Debug|x86.Build.0 = Debug|Win32
		{AA917230-79D9-4CE8-BA9B-1FFACB052DF8}.Release|x64.ActiveCfg = Release|x64
		{AA917230-79D9-4CE8-BA9B-1FFACB052DF8}.Release|x64.Build.0 = Release|x64
		{AA917230-79D9-4CE8-BA9B-1FFACB052DF8}.Release|x86.ActiveCfg = Release|Win32
		{AA917230-79D9-4CE8-BA9B-1FFACB052DF8}.Release|x86.Build.0 = Release|Win32
		{4961FEAD-6E77-4C6A-AC47-7C40F51102DB}.Debug|x64.ActiveCfg = Debug|x64
		{4961FEAD-6E77-4C6A-AC47-7C40F51102DB}.Debug|x64.Build.0 = Debug|x64
		{4961FEAD-6E77-4C6A-AC47-7C40F51102DB}.Debug|x86.ActiveCfg = Debug|Win32
		{4961FEAD-6E77-4C6A-AC47-7C40F51102DB}.Debug|x86.Build.0 = Debug|Win32
		{4961FEAD-6E77-4C6A-AC47-7C40F51102DB}.Release|x64.ActiveCfg = Release|x64
		{4961FEAD-6E77-4C6A-AC47-7C40F51102DB}.Release|x64.Build.0 = Release|x64
		{4961FEAD-6E77-4C6A-AC47-7C40F51102DB}.Release|x86.ActiveCfg = Release|Win32
		{4961FEAD-6E77-4C6A-AC47-7C40F51102DB}.Release|x86.Build.0 = Release|Win32
		{5DF0BEBB-5EBB-48CD-A2BC-245BDE5EFC7C}.Debug|x64.ActiveCfg = Debug|x64
		{5DF0BEBB-5EBB-48CD-A2BC-245BDE5EFC7C}.Debug|x64.Build.0 = Debug|x64
		{5DF0BEBB-5EBB-48CD-A2BC-245BDE5EFC7C}.Debug|x86.ActiveCfg = Debug|Win32
		{5DF0BEBB-5EBB-48CD-A2BC-245BDE5EFC7C}.Debug|x86.Build.0 = Debug|Win32
		{5DF0BEBB-5EBB-48CD-A2BC-245BDE5EFC7C}.Release|x64.ActiveCfg = Release|x64
		{5DF0BEBB-5EBB-48CD-A2BC-245BDE5EFC7C}.Release|x64.Build.0 = Release|x64
		{5DF0BEBB-5EBB-48CD-A2BC-245BDE5EFC7C}.Release|x86.ActiveCfg = Release|Win32
		{5DF0BEBB-5EBB-48CD-A2BC-245BDE5EFC7C}.Release|x86.Build.0 = Release|Win32
		{95C9EB4A-F2EC-4E9D-8B6C-2A5BF025E0AB}.Debug|x64.ActiveCfg = Debug|x64
		{95C9EB4A-F2EC-4E9D-8B6C-2A5BF025E0AB}.Debug|x64.Build.0 = Debug|x64
		{95C9EB4A-F2EC-4E9D-8B6C-2A5BF025E0AB}.Debug|x86.ActiveCfg = Debug|Win32
		{95C9EB4A-F2EC-4E9D-8B6C-2A5BF025E0AB}.Debug|x86.Build.0 = Debug|Win32
		{95C9EB4A-F2EC-4E9D-8B6C-2A5BF025E0AB}.Release|x64.ActiveCfg = Release|x64
		{95C9EB4A-F2EC-4E9D-8B6C-2A5BF025E0AB}.Release|x64.Build.0 = Release|x64
		{95C9EB4A-F2EC-4E9D-8B6C-2A5BF025E0AB}.Release|x86.ActiveCfg = Release|Win32
		{95C9EB4A-F2EC-4E9D-8B6C-2A5BF025E0AB}.Release|x86.Build.0 = Release|Win32
		{366B4F63-E716-4911-9662-97D9C9A12B10}.Debug|x64.ActiveCfg = Debug|x64
		{366B4F63-E716-4911-9662-97D9C9A12B10}.Debug|x64.Build.0 = Debug|x64
		{366B4F63-E716-4911-9662-97D9C9A12B10}.Debug|x86.ActiveCfg = Debug|Win32
		{366B4F63-E716-4911-9662-97D9C9A12B10}.Debug|x86.Build.0 = Debug|Win32
		{366B4F63-E716-4911-9662-97D9C9A12B10}.Release|x64.ActiveCfg = Release|x64
		{366B4F63-E716-4911-9662-97D9C9A12B10}.Release|x64.Build.0 = Release|x64
		{366B4F63-E716-4911-9662-97D9C9A12B10}.Release|x86.ActiveCfg = Release|Win32
		{366B4F63-E716-4911-9662-97D9C9A12B10}.Release|x86.Build.0 = Release|Win32
		{C85559E0-F9BA-4F1E-AC4A-E3005FF06D7A}.Debug|x64.ActiveCfg = Debug|x64
		{C85559E0-F9BA-4F1E-AC4A-E3005FF06D7A}.Debug|x64.Build.0 = Debug|x64
		{C85559E0-F9BA-4F1E-AC4A-E3005FF06D7A}.Debug|x86.ActiveCfg = Debug|Win32
		{C85559E0-F9BA-4F1E-AC4A-E3005FF06D7A}.Debug|x86.Build.0 = Debug|Win32
		{C85559E0-F9BA-4F1E-AC4A-E3005FF06D7A}.Release|x64.ActiveCfg = Release|x64
		{C85559E0-F9BA-4F1E-AC4A-E3005FF06D7A}.Release|x64.Build.0 = Release|x64
		{C85559E0-F9BA-4F1E-AC4A-E3005FF06D7A}.Release|x86.ActiveCfg = Release|Win32
		{C85559E0-F9BA-4F1E-AC4A-E3005FF06D7A}.Release|x86.Build.0 = Release|Win32
		{CDD883CB-B58E-4256-9628-DDF03194A128}.Debug|x64.ActiveCfg = Debug|x64
		{CDD883CB-B58E-4256-9628-DDF03194A128}.Debug|x64.Build.0 = Debug|x64
		{CDD883CB-B58E-4256-9628-DDF03194A128}.Debug|x86.ActiveCfg = Debug|Win32
		{CDD883CB-B58E-4256-9628-DDF03194A128}.Debug|x86.Build.0 = Debug|Win32
		{CDD883CB-B58E-4256-9628-DDF03194A128}.Release|x64.ActiveCfg = Release|x64
		{CDD883CB-B58E-4256-9628-DDF03194A128}.Release|x64.Build.0 = Release|x64
		{CDD883CB-B58E-4256-9628-DDF03194A128}.Release|x86.ActiveCfg = Release|Win32
		{CDD883CB-B58E-4256-9628-DDF03194A128}.Release|x86.Build.0 = Release|Win32
		{38EEEB2B-FB97-49A6-88F6-45519C7CB10D}.Debug|x64.ActiveCfg = Debug|x64
		{38EEEB2B-FB97-49A6-88F6-45519C7CB10D}.Debug|x64.Build.0 = Debug|x64
		{38EEEB2B-FB97-49A6-88F6-45519C7CB10D}.Debug|x86.ActiveCfg = Debug|Win32
		{38EEEB2B-FB97-49A6-88F6-45519C7CB10D}.Debug|x86.Build.0 = Debug|Win32
		{38EEEB2B-FB97-49A6-88F6-45519C7CB10D}.Release|x64.ActiveCfg = Release|x64
		{38EEEB2B-FB97-49A6-88F6-45519C7CB10D}.Release|x64.Build.0 = Release|x64
		{38EEEB2B-FB97-49A6-88F6-45519C7CB10D}.Release|x86.ActiveCfg = Release|Win32
		{38EEEB2B-FB97-49A6-88F6-45519C7CB10D}.Release|x86.Build.0 = Release|Win32
		{7701BAB4-6402-4D7E-B41B-B41AEF39AEBA}.Debug|x64.ActiveCfg = Debug|x64
		{7701BAB4-6402-4D7E-B41B-B41AEF39AEBA}.Debug|x64.Build.0 = Debug|x64
		{7701BAB4-6402-4D7E-B41B-B41AEF39AEBA}.Debug|x86.ActiveCfg = Debug|Win32
		{7701BAB4-6402-4D7E-B41B-B41AEF39AEBA}.Debug|x86.Build.0 = Debug|Win32
		{7701BAB4-6402-4D7E-B41B-B41AEF39AEBA}.Release|x64.ActiveCfg = Release|x64
		{7701BAB4-6402-4D7E-B41B-B41AEF39AEBA}.Release|x64.Build.0 = Release|x64
		{7701BAB4-6402-4D7E-B41B-B41AEF39AEBA}.Release|x86.ActiveCfg = Release|Win32
		{7701BAB4-6402-4D7E-B41B-B41AEF39AEBA}.Release|x86.Build.0 = Release|Win32
		{ED35B798-AD7C-4E73-9491-72615AAD5443}.Debug|x64.ActiveCfg = Debug|x64
		{ED35B798-AD7C-4E73-9491-72615AAD5443}.Debug|x64.Build.0 = Debug|x64
		{ED35B798-AD7C-4E73-9491-72615AAD5443}.Debug|x86.ActiveCfg = Debug|Win32
		{ED35B798-AD7C-4E73-9491-72615AAD5443}.Debug|x86.Build.0 = Debug|Win32
		{ED35B798-AD7C-4E73-9491-72615AAD5443}.Release|x64.ActiveCfg = Release|x64
		{ED35B798-AD7C-4E73-9491-72615AAD5443}.Release|x64.Build.0 = Release|x64
		{ED35B798-AD7C-4E73-9491-72615AAD5443}.Release|x86.ActiveCfg = Release|Win32
		{ED35B798-AD7C-4E73-9491-72615AAD5443}.Release|x86.Build.0 = Release|Win32
		{38042345-9624-47C7-BB5F-018DEB145AB5}.Debug|x64.ActiveCfg = Debug|x64
		{38042345-9624-47C7-BB5F-018DEB145AB5}.Debug|x64.Build.0 = Debug|x64
		{38042345-9624-47C7-BB5F-018DEB145AB5}.Debug|x86.ActiveCfg = Debug|Win32
		{38042345-9624-47C7-BB5F-018DEB145AB5}.Debug|x86.Build.0 = Debug|Win32
		{38042345-9624-47C7-BB5F-018DEB145AB5}.Release|x64.ActiveCfg = Release|x64
		{38042345-9624-47C7-BB5F-018DEB145AB5}.Release|x64.Build.0 = Release|x64
		{38042345-9624-47C7-BB5F-018DEB145AB5}.Release|x86.ActiveCfg = Release|Win32
		{38042345-9624-47C7-BB5F-018DEB145AB5}.Release|x86.Build.0 = Release|Win32
	EndGlobalSection
	GlobalSection(SolutionProperties) = preSolution
		HideSolutionNode = FALSE
	EndGlobalSection
	GlobalSection(ExtensibilityGlobals) = postSolution
		SolutionGuid = {DC7463FD-7987-4C3A-98CB-2740AC571ED8}
	EndGlobalSection
EndGlobal
