
Microsoft Visual Studio Solution File, Format Version 12.00
# Visual Studio 15
VisualStudioVersion = 15.0.27428.2037
MinimumVisualStudioVersion = 10.0.40219.1
Project("{8BC9CEB8-8B4A-11D0-8D11-00A0C91BC942}") = "01模板", "01模板\01模板.vcxproj", "{856886F2-90CD-492E-B1DA-6C81F7857DD4}"
EndProject
Project("{8BC9CEB8-8B4A-11D0-8D11-00A0C91BC942}") = "02函数模板和普通函数的区别", "02函数模板和普通函数的区别\02函数模板和普通函数的区别.vcxproj", "{D2206D0D-5411-40CD-AE08-1A15961E3960}"
EndProject
Project("{8BC9CEB8-8B4A-11D0-8D11-00A0C91BC942}") = "03类模板", "03类模板\03类模板.vcxproj", "{B9518356-02E4-447B-9AD9-52C2CDA02800}"
EndProject
Global
	GlobalSection(SolutionConfigurationPlatforms) = preSolution
		Debug|x64 = Debug|x64
		Debug|x86 = Debug|x86
		Release|x64 = Release|x64
		Release|x86 = Release|x86
	EndGlobalSection
	GlobalSection(ProjectConfigurationPlatforms) = postSolution
		{856886F2-90CD-492E-B1DA-6C81F7857DD4}.Debug|x64.ActiveCfg = Debug|x64
		{856886F2-90CD-492E-B1DA-6C81F7857DD4}.Debug|x64.Build.0 = Debug|x64
		{856886F2-90CD-492E-B1DA-6C81F7857DD4}.Debug|x86.ActiveCfg = Debug|Win32
		{856886F2-90CD-492E-B1DA-6C81F7857DD4}.Debug|x86.Build.0 = Debug|Win32
		{856886F2-90CD-492E-B1DA-6C81F7857DD4}.Release|x64.ActiveCfg = Release|x64
		{856886F2-90CD-492E-B1DA-6C81F7857DD4}.Release|x64.Build.0 = Release|x64
		{856886F2-90CD-492E-B1DA-6C81F7857DD4}.Release|x86.ActiveCfg = Release|Win32
		{856886F2-90CD-492E-B1DA-6C81F7857DD4}.Release|x86.Build.0 = Release|Win32
		{D2206D0D-5411-40CD-AE08-1A15961E3960}.Debug|x64.ActiveCfg = Debug|x64
		{D2206D0D-5411-40CD-AE08-1A15961E3960}.Debug|x64.Build.0 = Debug|x64
		{D2206D0D-5411-40CD-AE08-1A15961E3960}.Debug|x86.ActiveCfg = Debug|Win32
		{D2206D0D-5411-40CD-AE08-1A15961E3960}.Debug|x86.Build.0 = Debug|Win32
		{D2206D0D-5411-40CD-AE08-1A15961E3960}.Release|x64.ActiveCfg = Release|x64
		{D2206D0D-5411-40CD-AE08-1A15961E3960}.Release|x64.Build.0 = Release|x64
		{D2206D0D-5411-40CD-AE08-1A15961E3960}.Release|x86.ActiveCfg = Release|Win32
		{D2206D0D-5411-40CD-AE08-1A15961E3960}.Release|x86.Build.0 = Release|Win32
		{B9518356-02E4-447B-9AD9-52C2CDA02800}.Debug|x64.ActiveCfg = Debug|x64
		{B9518356-02E4-447B-9AD9-52C2CDA02800}.Debug|x64.Build.0 = Debug|x64
		{B9518356-02E4-447B-9AD9-52C2CDA02800}.Debug|x86.ActiveCfg = Debug|Win32
		{B9518356-02E4-447B-9AD9-52C2CDA02800}.Debug|x86.Build.0 = Debug|Win32
		{B9518356-02E4-447B-9AD9-52C2CDA02800}.Release|x64.ActiveCfg = Release|x64
		{B9518356-02E4-447B-9AD9-52C2CDA02800}.Release|x64.Build.0 = Release|x64
		{B9518356-02E4-447B-9AD9-52C2CDA02800}.Release|x86.ActiveCfg = Release|Win32
		{B9518356-02E4-447B-9AD9-52C2CDA02800}.Release|x86.Build.0 = Release|Win32
	EndGlobalSection
	GlobalSection(SolutionProperties) = preSolution
		HideSolutionNode = FALSE
	EndGlobalSection
	GlobalSection(ExtensibilityGlobals) = postSolution
		SolutionGuid = {DC7463FD-7987-4C3A-98CB-2740AC571ED8}
	EndGlobalSection
EndGlobal
