
Microsoft Visual Studio Solution File, Format Version 12.00
# Visual Studio 15
VisualStudioVersion = 15.0.27428.2037
MinimumVisualStudioVersion = 10.0.40219.1
Project("{8BC9CEB8-8B4A-11D0-8D11-00A0C91BC942}") = "01模板", "01模板\01模板.vcxproj", "{856886F2-90CD-492E-B1DA-6C81F7857DD4}"
EndProject
Project("{8BC9CEB8-8B4A-11D0-8D11-00A0C91BC942}") = "02函数模板和普通函数的区别", "02函数模板和普通函数的区别\02函数模板和普通函数的区别.vcxproj", "{D2206D0D-5411-40CD-AE08-1A15961E3960}"
EndProject
Project("{8BC9CEB8-8B4A-11D0-8D11-00A0C91BC942}") = "03类模板", "03类模板\03类模板.vcxproj", "{B9518356-02E4-447B-9AD9-52C2CDA02800}"
EndProject
Project("{8BC9CEB8-8B4A-11D0-8D11-00A0C91BC942}") = "04 函数模板案例_char和int类型组数排序", "04 函数模板案例_char和int类型组数排序\04 函数模板案例_char和int类型组数排序.vcxproj", "{B8FD2BDC-427B-43A9-AC31-B2A23C655AEA}"
EndProject
Project("{8BC9CEB8-8B4A-11D0-8D11-00A0C91BC942}") = "05 类模板派生普通类", "05 类模板派生普通类\05 类模板派生普通类.vcxproj", "{4DE03749-2B45-48AE-8167-0BEAC96EE882}"
EndProject
Project("{8BC9CEB8-8B4A-11D0-8D11-00A0C91BC942}") = "06 类模板派生类模板", "06 类模板派生类模板\06 类模板派生类模板.vcxproj", "{A0CA390B-BEC4-4B17-B628-341D309BC7E0}"
EndProject
Project("{8BC9CEB8-8B4A-11D0-8D11-00A0C91BC942}") = "07 普通类的 .h 和 .cpp分离编写模式", "07 普通类的 .h 和 .cpp分离编写模式\07 普通类的 .h 和 .cpp分离编写模式.vcxproj", "{87D0A329-ACAF-4235-9086-A0E86389759C}"
EndProject
Project("{8BC9CEB8-8B4A-11D0-8D11-00A0C91BC942}") = "08类模板实现在类内实现", "08类模板实现在类内实现\08类模板实现在类内实现.vcxproj", "{FCFA758F-9C00-4F4D-94CF-418CF7F74B75}"
EndProject
Global
	GlobalSection(SolutionConfigurationPlatforms) = preSolution
		Debug|x64 = Debug|x64
		Debug|x86 = Debug|x86
		Release|x64 = Release|x64
		Release|x86 = Release|x86
	EndGlobalSection
	GlobalSection(ProjectConfigurationPlatforms) = postSolution
		{856886F2-90CD-492E-B1DA-6C81F7857DD4}.Debug|x64.ActiveCfg = Debug|x64
		{856886F2-90CD-492E-B1DA-6C81F7857DD4}.Debug|x64.Build.0 = Debug|x64
		{856886F2-90CD-492E-B1DA-6C81F7857DD4}.Debug|x86.ActiveCfg = Debug|Win32
		{856886F2-90CD-492E-B1DA-6C81F7857DD4}.Debug|x86.Build.0 = Debug|Win32
		{856886F2-90CD-492E-B1DA-6C81F7857DD4}.Release|x64.ActiveCfg = Release|x64
		{856886F2-90CD-492E-B1DA-6C81F7857DD4}.Release|x64.Build.0 = Release|x64
		{856886F2-90CD-492E-B1DA-6C81F7857DD4}.Release|x86.ActiveCfg = Release|Win32
		{856886F2-90CD-492E-B1DA-6C81F7857DD4}.Release|x86.Build.0 = Release|Win32
		{D2206D0D-5411-40CD-AE08-1A15961E3960}.Debug|x64.ActiveCfg = Debug|x64
		{D2206D0D-5411-40CD-AE08-1A15961E3960}.Debug|x64.Build.0 = Debug|x64
		{D2206D0D-5411-40CD-AE08-1A15961E3960}.Debug|x86.ActiveCfg = Debug|Win32
		{D2206D0D-5411-40CD-AE08-1A15961E3960}.Debug|x86.Build.0 = Debug|Win32
		{D2206D0D-5411-40CD-AE08-1A15961E3960}.Release|x64.ActiveCfg = Release|x64
		{D2206D0D-5411-40CD-AE08-1A15961E3960}.Release|x64.Build.0 = Release|x64
		{D2206D0D-5411-40CD-AE08-1A15961E3960}.Release|x86.ActiveCfg = Release|Win32
		{D2206D0D-5411-40CD-AE08-1A15961E3960}.Release|x86.Build.0 = Release|Win32
		{B9518356-02E4-447B-9AD9-52C2CDA02800}.Debug|x64.ActiveCfg = Debug|x64
		{B9518356-02E4-447B-9AD9-52C2CDA02800}.Debug|x64.Build.0 = Debug|x64
		{B9518356-02E4-447B-9AD9-52C2CDA02800}.Debug|x86.ActiveCfg = Debug|Win32
		{B9518356-02E4-447B-9AD9-52C2CDA02800}.Debug|x86.Build.0 = Debug|Win32
		{B9518356-02E4-447B-9AD9-52C2CDA02800}.Release|x64.ActiveCfg = Release|x64
		{B9518356-02E4-447B-9AD9-52C2CDA02800}.Release|x64.Build.0 = Release|x64
		{B9518356-02E4-447B-9AD9-52C2CDA02800}.Release|x86.ActiveCfg = Release|Win32
		{B9518356-02E4-447B-9AD9-52C2CDA02800}.Release|x86.Build.0 = Release|Win32
		{B8FD2BDC-427B-43A9-AC31-B2A23C655AEA}.Debug|x64.ActiveCfg = Debug|x64
		{B8FD2BDC-427B-43A9-AC31-B2A23C655AEA}.Debug|x64.Build.0 = Debug|x64
		{B8FD2BDC-427B-43A9-AC31-B2A23C655AEA}.Debug|x86.ActiveCfg = Debug|Win32
		{B8FD2BDC-427B-43A9-AC31-B2A23C655AEA}.Debug|x86.Build.0 = Debug|Win32
		{B8FD2BDC-427B-43A9-AC31-B2A23C655AEA}.Release|x64.ActiveCfg = Release|x64
		{B8FD2BDC-427B-43A9-AC31-B2A23C655AEA}.Release|x64.Build.0 = Release|x64
		{B8FD2BDC-427B-43A9-AC31-B2A23C655AEA}.Release|x86.ActiveCfg = Release|Win32
		{B8FD2BDC-427B-43A9-AC31-B2A23C655AEA}.Release|x86.Build.0 = Release|Win32
		{4DE03749-2B45-48AE-8167-0BEAC96EE882}.Debug|x64.ActiveCfg = Debug|x64
		{4DE03749-2B45-48AE-8167-0BEAC96EE882}.Debug|x64.Build.0 = Debug|x64
		{4DE03749-2B45-48AE-8167-0BEAC96EE882}.Debug|x86.ActiveCfg = Debug|Win32
		{4DE03749-2B45-48AE-8167-0BEAC96EE882}.Debug|x86.Build.0 = Debug|Win32
		{4DE03749-2B45-48AE-8167-0BEAC96EE882}.Release|x64.ActiveCfg = Release|x64
		{4DE03749-2B45-48AE-8167-0BEAC96EE882}.Release|x64.Build.0 = Release|x64
		{4DE03749-2B45-48AE-8167-0BEAC96EE882}.Release|x86.ActiveCfg = Release|Win32
		{4DE03749-2B45-48AE-8167-0BEAC96EE882}.Release|x86.Build.0 = Release|Win32
		{A0CA390B-BEC4-4B17-B628-341D309BC7E0}.Debug|x64.ActiveCfg = Debug|x64
		{A0CA390B-BEC4-4B17-B628-341D309BC7E0}.Debug|x64.Build.0 = Debug|x64
		{A0CA390B-BEC4-4B17-B628-341D309BC7E0}.Debug|x86.ActiveCfg = Debug|Win32
		{A0CA390B-BEC4-4B17-B628-341D309BC7E0}.Debug|x86.Build.0 = Debug|Win32
		{A0CA390B-BEC4-4B17-B628-341D309BC7E0}.Release|x64.ActiveCfg = Release|x64
		{A0CA390B-BEC4-4B17-B628-341D309BC7E0}.Release|x64.Build.0 = Release|x64
		{A0CA390B-BEC4-4B17-B628-341D309BC7E0}.Release|x86.ActiveCfg = Release|Win32
		{A0CA390B-BEC4-4B17-B628-341D309BC7E0}.Release|x86.Build.0 = Release|Win32
		{87D0A329-ACAF-4235-9086-A0E86389759C}.Debug|x64.ActiveCfg = Debug|x64
		{87D0A329-ACAF-4235-9086-A0E86389759C}.Debug|x64.Build.0 = Debug|x64
		{87D0A329-ACAF-4235-9086-A0E86389759C}.Debug|x86.ActiveCfg = Debug|Win32
		{87D0A329-ACAF-4235-9086-A0E86389759C}.Debug|x86.Build.0 = Debug|Win32
		{87D0A329-ACAF-4235-9086-A0E86389759C}.Release|x64.ActiveCfg = Release|x64
		{87D0A329-ACAF-4235-9086-A0E86389759C}.Release|x64.Build.0 = Release|x64
		{87D0A329-ACAF-4235-9086-A0E86389759C}.Release|x86.ActiveCfg = Release|Win32
		{87D0A329-ACAF-4235-9086-A0E86389759C}.Release|x86.Build.0 = Release|Win32
		{FCFA758F-9C00-4F4D-94CF-418CF7F74B75}.Debug|x64.ActiveCfg = Debug|x64
		{FCFA758F-9C00-4F4D-94CF-418CF7F74B75}.Debug|x64.Build.0 = Debug|x64
		{FCFA758F-9C00-4F4D-94CF-418CF7F74B75}.Debug|x86.ActiveCfg = Debug|Win32
		{FCFA758F-9C00-4F4D-94CF-418CF7F74B75}.Debug|x86.Build.0 = Debug|Win32
		{FCFA758F-9C00-4F4D-94CF-418CF7F74B75}.Release|x64.ActiveCfg = Release|x64
		{FCFA758F-9C00-4F4D-94CF-418CF7F74B75}.Release|x64.Build.0 = Release|x64
		{FCFA758F-9C00-4F4D-94CF-418CF7F74B75}.Release|x86.ActiveCfg = Release|Win32
		{FCFA758F-9C00-4F4D-94CF-418CF7F74B75}.Release|x86.Build.0 = Release|Win32
	EndGlobalSection
	GlobalSection(SolutionProperties) = preSolution
		HideSolutionNode = FALSE
	EndGlobalSection
	GlobalSection(ExtensibilityGlobals) = postSolution
		SolutionGuid = {DC7463FD-7987-4C3A-98CB-2740AC571ED8}
	EndGlobalSection
EndGlobal
